// !$*UTF8*$!
{
	archiveVersion = 1;
	classes = {};
	objectVersion = 56;
	objects = {

/* Begin PBXProject section */
		PROJECT /* Project object */ = {
			isa = PBXProject;
			attributes = {
				LastUpgradeCheck = 1500;
				TargetAttributes = {
					APP_TARGET = {
						DevelopmentTeam = "";
						ProvisioningStyle = Automatic;
					};
					TEST_TARGET = {
						DevelopmentTeam = "";
						ProvisioningStyle = Automatic;
					};
				};
			};
			buildConfigurationList = PROJECT_CONFIG_LIST;
			compatibilityVersion = "Xcode 15.0";
			developmentRegion = en;
			hasScannedForEncodings = 0;
			knownRegions = (
				en,
			);
			mainGroup = MAIN_GROUP;
			productRefGroup = PRODUCTS_GROUP;
			projectDirPath = "";
			projectRoot = "";
			targets = (
				APP_TARGET,
				TEST_TARGET,
			);
		};
/* End PBXProject section */

/* Begin PBXGroup section */
		MAIN_GROUP = {
			isa = PBXGroup;
			children = (
				SOURCES_GROUP,
				TESTS_GROUP,
				PRODUCTS_GROUP,
			);
			sourceTree = "<group>";
		};
		SOURCES_GROUP = { isa = PBXGroup; path = ExpenseTracker; sourceTree = "<group>"; };
		TESTS_GROUP = { isa = PBXGroup; path = ExpenseTrackerTests; sourceTree = "<group>"; };
		PRODUCTS_GROUP = { isa = PBXGroup; children = (APP_PRODUCT, TEST_PRODUCT); name = Products; sourceTree = "<group>"; };
/* End PBXGroup section */

/* Begin PBXNativeTarget section */
		APP_TARGET = {
			isa = PBXNativeTarget;
			buildConfigurationList = APP_CONFIG_LIST;
			buildPhases = (APP_SOURCES, APP_RESOURCES);
			buildRules = ();
			dependencies = ();
			name = ExpenseTracker;
			productName = ExpenseTracker;
			productReference = APP_PRODUCT;
			productType = "com.apple.product-type.application";
		};
		TEST_TARGET = {
			isa = PBXNativeTarget;
			buildConfigurationList = TEST_CONFIG_LIST;
			buildPhases = (TEST_SOURCES);
			buildRules = ();
			dependencies = ();
			name = ExpenseTrackerTests;
			productName = ExpenseTrackerTests;
			productReference = TEST_PRODUCT;
			productType = "com.apple.product-type.bundle.unit-test";
		};
/* End PBXNativeTarget section */

/* Begin PBXFileReference section */
		APP_PRODUCT = { isa = PBXFileReference; explicitFileType = wrapper.application; path = ExpenseTracker.app; sourceTree = BUILT_PRODUCTS_DIR; };
		TEST_PRODUCT = { isa = PBXFileReference; explicitFileType = wrapper.cfbundle; path = ExpenseTrackerTests.xctest; sourceTree = BUILT_PRODUCTS_DIR; };
		INFOPLIST = { isa = PBXFileReference; lastKnownFileType = text.plist.xml; path = ExpenseTracker/Info.plist; sourceTree = "<group>"; };
/* End PBXFileReference section */

/* Begin PBXBuildFile section */
		// Will be auto-populated by file discovery in Xcode IDE if needed.
/* End PBXBuildFile section */

/* Begin PBXSourcesBuildPhase section */
		APP_SOURCES = { isa = PBXSourcesBuildPhase; files = (); };
		TEST_SOURCES = { isa = PBXSourcesBuildPhase; files = (); };
/* End PBXSourcesBuildPhase section */

/* Begin PBXResourcesBuildPhase section */
		APP_RESOURCES = { isa = PBXResourcesBuildPhase; files = (); };
/* End PBXResourcesBuildPhase section */

/* Begin XCBuildConfiguration section */
		APP_DEBUG = {
			isa = XCBuildConfiguration;
			buildSettings = {
				PRODUCT_NAME = ExpenseTracker;
				INFOPLIST_FILE = ExpenseTracker/Info.plist;
				IPHONEOS_DEPLOYMENT_TARGET = 16.0;
				SWIFT_VERSION = 5.0;
				CURRENT_PROJECT_VERSION = 1;
				MARKETING_VERSION = 1.0;
				CODE_SIGN_STYLE = Manual;
				CODE_SIGNING_ALLOWED = NO;
				CODE_SIGNING_REQUIRED = NO;
				CODE_SIGN_IDENTITY = "";
				DEVELOPMENT_TEAM = "";
				ASSETCATALOG_COMPILER_APPICON_NAME = AppIcon;
				LD_RUNPATH_SEARCH_PATHS = "@executable_path/Frameworks";
				SWIFT_EMIT_LOC_STRINGS = NO;
			};
			name = Debug;
		};
		APP_RELEASE = {
			isa = XCBuildConfiguration;
			buildSettings = {
				PRODUCT_NAME = ExpenseTracker;
				INFOPLIST_FILE = ExpenseTracker/Info.plist;
				IPHONEOS_DEPLOYMENT_TARGET = 16.0;
				SWIFT_VERSION = 5.0;
				CURRENT_PROJECT_VERSION = 1;
				MARKETING_VERSION = 1.0;
				CODE_SIGN_STYLE = Manual;
				CODE_SIGNING_ALLOWED = NO;
				CODE_SIGNING_REQUIRED = NO;
				CODE_SIGN_IDENTITY = "";
				DEVELOPMENT_TEAM = "";
				ASSETCATALOG_COMPILER_APPICON_NAME = AppIcon;
				LD_RUNPATH_SEARCH_PATHS = "@executable_path/Frameworks";
				SWIFT_EMIT_LOC_STRINGS = NO;
			};
			name = Release;
		};
		TEST_DEBUG = { isa = XCBuildConfiguration; buildSettings = { PRODUCT_NAME = ExpenseTrackerTests; SWIFT_VERSION = 5.0; CODE_SIGNING_ALLOWED = NO; CODE_SIGNING_REQUIRED = NO; CODE_SIGN_IDENTITY = ""; DEVELOPMENT_TEAM = ""; }; name = Debug; };
		TEST_RELEASE = { isa = XCBuildConfiguration; buildSettings = { PRODUCT_NAME = ExpenseTrackerTests; SWIFT_VERSION = 5.0; CODE_SIGNING_ALLOWED = NO; CODE_SIGNING_REQUIRED = NO; CODE_SIGN_IDENTITY = ""; DEVELOPMENT_TEAM = ""; }; name = Release; };
/* End XCBuildConfiguration section */

/* Begin XCConfigurationList section */
		APP_CONFIG_LIST = { isa = XCConfigurationList; buildConfigurations = (APP_DEBUG, APP_RELEASE); defaultConfigurationIsVisible = 0; defaultConfigurationName = Release; };
		TEST_CONFIG_LIST = { isa = XCConfigurationList; buildConfigurations = (TEST_DEBUG, TEST_RELEASE); defaultConfigurationIsVisible = 0; defaultConfigurationName = Release; };
		PROJECT_CONFIG_LIST = { isa = XCConfigurationList; buildConfigurations = (PROJECT_DEBUG, PROJECT_RELEASE); defaultConfigurationIsVisible = 0; defaultConfigurationName = Release; };
		PROJECT_DEBUG = { isa = XCBuildConfiguration; buildSettings = {}; name = Debug; };
		PROJECT_RELEASE = { isa = XCBuildConfiguration; buildSettings = {}; name = Release; };
/* End XCConfigurationList section */

	};
	rootObject = PROJECT /* Project object */;
}